
Microsoft Visual Studio Solution File, Format Version 12.00
# Visual Studio Version 17
VisualStudioVersion = 17.9.34728.123
MinimumVisualStudioVersion = 10.0.40219.1
Project("{FAE04EC0-301F-11D3-BF4B-00C04F79EFBC}") = "SingletonDesignPattern", "SingletonDesignPattern\SingletonDesignPattern.csproj", "{DC786A13-FAC5-4FF9-AEC4-722E354080BB}"
EndProject
Global
	GlobalSection(SolutionConfigurationPlatforms) = preSolution
		Debug|Any CPU = Debug|Any CPU
		Release|Any CPU = Release|Any CPU
	EndGlobalSection
	GlobalSection(ProjectConfigurationPlatforms) = postSolution
		{DC786A13-FAC5-4FF9-AEC4-722E354080BB}.Debug|Any CPU.ActiveCfg = Debug|Any CPU
		{DC786A13-FAC5-4FF9-AEC4-722E354080BB}.Debug|Any CPU.Build.0 = Debug|Any CPU
		{DC786A13-FAC5-4FF9-AEC4-722E354080BB}.Release|Any CPU.ActiveCfg = Release|Any CPU
		{DC786A13-FAC5-4FF9-AEC4-722E354080BB}.Release|Any CPU.Build.0 = Release|Any CPU
	EndGlobalSection
	GlobalSection(SolutionProperties) = preSolution
		HideSolutionNode = FALSE
	EndGlobalSection
	GlobalSection(ExtensibilityGlobals) = postSolution
		SolutionGuid = {12FFA68C-0823-40AC-B903-5E4DC07D8B6C}
	EndGlobalSection
EndGlobal
